
Microsoft Visual Studio Solution File, Format Version 12.00
# Visual Studio 15
VisualStudioVersion = 15.0.26730.12
MinimumVisualStudioVersion = 10.0.40219.1
Project("{8BC9CEB8-8B4A-11D0-8D11-00A0C91BC942}") = "BounceBall", "BounceBall.vcxproj", "{45F4095F-ED9C-4270-A3DC-3108C84CE230}"
EndProject
Global
	GlobalSection(SolutionConfigurationPlatforms) = preSolution
		Debug|x64 = Debug|x64
		Debug|x86 = Debug|x86
		Release|x64 = Release|x64
		Release|x86 = Release|x86
	EndGlobalSection
	GlobalSection(ProjectConfigurationPlatforms) = postSolution
		{45F4095F-ED9C-4270-A3DC-3108C84CE230}.Debug|x64.ActiveCfg = Debug|x64
		{45F4095F-ED9C-4270-A3DC-3108C84CE230}.Debug|x64.Build.0 = Debug|x64
		{45F4095F-ED9C-4270-A3DC-3108C84CE230}.Debug|x86.ActiveCfg = Debug|Win32
		{45F4095F-ED9C-4270-A3DC-3108C84CE230}.Debug|x86.Build.0 = Debug|Win32
		{45F4095F-ED9C-4270-A3DC-3108C84CE230}.Release|x64.ActiveCfg = Release|x64
		{45F4095F-ED9C-4270-A3DC-3108C84CE230}.Release|x64.Build.0 = Release|x64
		{45F4095F-ED9C-4270-A3DC-3108C84CE230}.Release|x86.ActiveCfg = Release|Win32
		{45F4095F-ED9C-4270-A3DC-3108C84CE230}.Release|x86.Build.0 = Release|Win32
	EndGlobalSection
	GlobalSection(SolutionProperties) = preSolution
		HideSolutionNode = FALSE
	EndGlobalSection
	GlobalSection(ExtensibilityGlobals) = postSolution
		SolutionGuid = {F8C49AA9-D539-4DBE-AAF9-9DC20371DCA4}
	EndGlobalSection
EndGlobal
