<?xml version="1.0" encoding="utf-8"?>
<Project ToolsVersion="4.0" xmlns="http://schemas.microsoft.com/developer/msbuild/2003">
  <ItemGroup>
    <Filter Include="소스 파일">
      <UniqueIdentifier>{4FC737F1-C7A5-4376-A066-2A32D752A2FF}</UniqueIdentifier>
      <Extensions>cpp;c;cc;cxx;def;odl;idl;hpj;bat;asm;asmx</Extensions>
    </Filter>
    <Filter Include="헤더 파일">
      <UniqueIdentifier>{93995380-89BD-4b04-88EB-625FBE52EBFB}</UniqueIdentifier>
      <Extensions>h;hh;hpp;hxx;hm;inl;inc;xsd</Extensions>
    </Filter>
    <Filter Include="리소스 파일">
      <UniqueIdentifier>{67DA6AB6-F800-4c08-8B7A-83BB121AAD01}</UniqueIdentifier>
      <Extensions>rc;ico;cur;bmp;dlg;rc2;rct;bin;rgs;gif;jpg;jpeg;jpe;resx;tiff;tif;png;wav;mfcribbon-ms</Extensions>
    </Filter>
    <Filter Include="헤더 파일\States">
      <UniqueIdentifier>{a2269070-1940-4683-9081-68d81f18bb9d}</UniqueIdentifier>
    </Filter>
    <Filter Include="헤더 파일\Managers">
      <UniqueIdentifier>{697b8914-5696-4211-9c83-e6605657778c}</UniqueIdentifier>
    </Filter>
    <Filter Include="소스 파일\Manager">
      <UniqueIdentifier>{e59ced22-131c-4b3c-8086-1e6e5c7ba50b}</UniqueIdentifier>
    </Filter>
    <Filter Include="헤더 파일\UI">
      <UniqueIdentifier>{dd39f1af-dd13-4740-9e5c-2a276745167b}</UniqueIdentifier>
    </Filter>
    <Filter Include="소스 파일\UI">
      <UniqueIdentifier>{10311540-25ed-4af1-8337-c8d1daaf0977}</UniqueIdentifier>
    </Filter>
  </ItemGroup>
  <ItemGroup>
    <ClCompile Include="src\main.cc">
      <Filter>소스 파일</Filter>
    </ClCompile>
    <ClCompile Include="src\Game.cc">
      <Filter>소스 파일</Filter>
    </ClCompile>
    <ClCompile Include="src\Manager\ResourceHolder.cc">
      <Filter>소스 파일\Manager</Filter>
    </ClCompile>
    <ClCompile Include="src\UI\Widget.cc">
      <Filter>소스 파일\UI</Filter>
    </ClCompile>
    <ClCompile Include="include\UI\StackMenu.hh">
      <Filter>헤더 파일\UI</Filter>
    </ClCompile>
  </ItemGroup>
  <ItemGroup>
    <ClInclude Include="include\Game.hh">
      <Filter>헤더 파일</Filter>
    </ClInclude>
    <ClInclude Include="include\StateBase.hh">
      <Filter>헤더 파일</Filter>
    </ClInclude>
    <ClInclude Include="include\Manager\ResourceManager.hh">
      <Filter>헤더 파일\Managers</Filter>
    </ClInclude>
    <ClInclude Include="include\Manager\ResourceHolder.hh">
      <Filter>헤더 파일\Managers</Filter>
    </ClInclude>
    <ClInclude Include="include\States\Main.hh">
      <Filter>헤더 파일\States</Filter>
    </ClInclude>
    <ClInclude Include="include\UI\Widget.hh">
      <Filter>헤더 파일\UI</Filter>
    </ClInclude>
    <ClInclude Include="include\UI\Button.hh">
      <Filter>헤더 파일\UI</Filter>
    </ClInclude>
    <ClInclude Include="include\UI\Textbox.hh">
      <Filter>헤더 파일\UI</Filter>
    </ClInclude>
  </ItemGroup>
</Project>